
Microsoft Visual Studio Solution File, Format Version 12.00
# Visual Studio Version 16
VisualStudioVersion = 16.0.30711.63
MinimumVisualStudioVersion = 10.0.40219.1
Project("{9A19103F-16F7-4668-BE54-9A1E7A4F7556}") = "ccml.raytracer.engine", "ccml.raytracer.engine\ccml.raytracer.engine.csproj", "{2B273135-8B44-4762-9115-BEAF3E7C302E}"
EndProject
Project("{9A19103F-16F7-4668-BE54-9A1E7A4F7556}") = "ccml.raytracer.tests", "ccml.raytracer.tests\ccml.raytracer.tests.csproj", "{DC084F5F-2D85-435D-9BE5-5D19033EB50A}"
EndProject
Project("{9A19103F-16F7-4668-BE54-9A1E7A4F7556}") = "chapter01.exercise", "chapter01.exercise\chapter01.exercise.csproj", "{2D040810-4AE4-4623-B4D7-2B7B849375B5}"
EndProject
Project("{9A19103F-16F7-4668-BE54-9A1E7A4F7556}") = "chapter02.exercise", "chapter02.exercise\chapter02.exercise.csproj", "{803770F7-6D7F-4784-90B6-0A4EB04EB633}"
EndProject
Project("{9A19103F-16F7-4668-BE54-9A1E7A4F7556}") = "chapter04.exercise", "chapter04.exercise\chapter04.exercise.csproj", "{F727A118-219E-414D-81D3-14B9C2EF53CF}"
EndProject
Project("{9A19103F-16F7-4668-BE54-9A1E7A4F7556}") = "chapter05.exercise", "chapter05.exercise\chapter05.exercise.csproj", "{3B581888-0729-4847-AC72-77EA580C7035}"
EndProject
Project("{FAE04EC0-301F-11D3-BF4B-00C04F79EFBC}") = "chapter06.exercise", "chapter06.exercise\chapter06.exercise.csproj", "{7EB771F1-2BE2-4285-9286-6C3E60BC8077}"
EndProject
Global
	GlobalSection(SolutionConfigurationPlatforms) = preSolution
		Debug|Any CPU = Debug|Any CPU
		Release|Any CPU = Release|Any CPU
	EndGlobalSection
	GlobalSection(ProjectConfigurationPlatforms) = postSolution
		{2B273135-8B44-4762-9115-BEAF3E7C302E}.Debug|Any CPU.ActiveCfg = Debug|Any CPU
		{2B273135-8B44-4762-9115-BEAF3E7C302E}.Debug|Any CPU.Build.0 = Debug|Any CPU
		{2B273135-8B44-4762-9115-BEAF3E7C302E}.Release|Any CPU.ActiveCfg = Release|Any CPU
		{2B273135-8B44-4762-9115-BEAF3E7C302E}.Release|Any CPU.Build.0 = Release|Any CPU
		{DC084F5F-2D85-435D-9BE5-5D19033EB50A}.Debug|Any CPU.ActiveCfg = Debug|Any CPU
		{DC084F5F-2D85-435D-9BE5-5D19033EB50A}.Debug|Any CPU.Build.0 = Debug|Any CPU
		{DC084F5F-2D85-435D-9BE5-5D19033EB50A}.Release|Any CPU.ActiveCfg = Release|Any CPU
		{DC084F5F-2D85-435D-9BE5-5D19033EB50A}.Release|Any CPU.Build.0 = Release|Any CPU
		{2D040810-4AE4-4623-B4D7-2B7B849375B5}.Debug|Any CPU.ActiveCfg = Debug|Any CPU
		{2D040810-4AE4-4623-B4D7-2B7B849375B5}.Debug|Any CPU.Build.0 = Debug|Any CPU
		{2D040810-4AE4-4623-B4D7-2B7B849375B5}.Release|Any CPU.ActiveCfg = Release|Any CPU
		{2D040810-4AE4-4623-B4D7-2B7B849375B5}.Release|Any CPU.Build.0 = Release|Any CPU
		{803770F7-6D7F-4784-90B6-0A4EB04EB633}.Debug|Any CPU.ActiveCfg = Debug|Any CPU
		{803770F7-6D7F-4784-90B6-0A4EB04EB633}.Debug|Any CPU.Build.0 = Debug|Any CPU
		{803770F7-6D7F-4784-90B6-0A4EB04EB633}.Release|Any CPU.ActiveCfg = Release|Any CPU
		{803770F7-6D7F-4784-90B6-0A4EB04EB633}.Release|Any CPU.Build.0 = Release|Any CPU
		{F727A118-219E-414D-81D3-14B9C2EF53CF}.Debug|Any CPU.ActiveCfg = Debug|Any CPU
		{F727A118-219E-414D-81D3-14B9C2EF53CF}.Debug|Any CPU.Build.0 = Debug|Any CPU
		{F727A118-219E-414D-81D3-14B9C2EF53CF}.Release|Any CPU.ActiveCfg = Release|Any CPU
		{F727A118-219E-414D-81D3-14B9C2EF53CF}.Release|Any CPU.Build.0 = Release|Any CPU
		{3B581888-0729-4847-AC72-77EA580C7035}.Debug|Any CPU.ActiveCfg = Debug|Any CPU
		{3B581888-0729-4847-AC72-77EA580C7035}.Debug|Any CPU.Build.0 = Debug|Any CPU
		{3B581888-0729-4847-AC72-77EA580C7035}.Release|Any CPU.ActiveCfg = Release|Any CPU
		{3B581888-0729-4847-AC72-77EA580C7035}.Release|Any CPU.Build.0 = Release|Any CPU
		{7EB771F1-2BE2-4285-9286-6C3E60BC8077}.Debug|Any CPU.ActiveCfg = Debug|Any CPU
		{7EB771F1-2BE2-4285-9286-6C3E60BC8077}.Debug|Any CPU.Build.0 = Debug|Any CPU
		{7EB771F1-2BE2-4285-9286-6C3E60BC8077}.Release|Any CPU.ActiveCfg = Release|Any CPU
		{7EB771F1-2BE2-4285-9286-6C3E60BC8077}.Release|Any CPU.Build.0 = Release|Any CPU
	EndGlobalSection
	GlobalSection(SolutionProperties) = preSolution
		HideSolutionNode = FALSE
	EndGlobalSection
	GlobalSection(ExtensibilityGlobals) = postSolution
		SolutionGuid = {DB3AFA66-51CA-454C-8414-010DAC4A5F0C}
	EndGlobalSection
EndGlobal
