
Microsoft Visual Studio Solution File, Format Version 12.00
# Visual Studio Version 16
VisualStudioVersion = 16.0.30711.63
MinimumVisualStudioVersion = 10.0.40219.1
Project("{9A19103F-16F7-4668-BE54-9A1E7A4F7556}") = "ccml.raytracer", "ccml.raytracer\ccml.raytracer.csproj", "{2B273135-8B44-4762-9115-BEAF3E7C302E}"
EndProject
Project("{9A19103F-16F7-4668-BE54-9A1E7A4F7556}") = "ccml.raytracer.tests", "ccml.raytracer.tests\ccml.raytracer.tests.csproj", "{DC084F5F-2D85-435D-9BE5-5D19033EB50A}"
EndProject
Project("{9A19103F-16F7-4668-BE54-9A1E7A4F7556}") = "chapter01.exercise", "chapter01.exercise\chapter01.exercise.csproj", "{2D040810-4AE4-4623-B4D7-2B7B849375B5}"
EndProject
Project("{9A19103F-16F7-4668-BE54-9A1E7A4F7556}") = "chapter02.exercise", "chapter02.exercise\chapter02.exercise.csproj", "{803770F7-6D7F-4784-90B6-0A4EB04EB633}"
EndProject
Project("{9A19103F-16F7-4668-BE54-9A1E7A4F7556}") = "chapter04.exercise", "chapter04.exercise\chapter04.exercise.csproj", "{F727A118-219E-414D-81D3-14B9C2EF53CF}"
EndProject
Project("{9A19103F-16F7-4668-BE54-9A1E7A4F7556}") = "chapter05.exercise", "chapter05.exercise\chapter05.exercise.csproj", "{3B581888-0729-4847-AC72-77EA580C7035}"
EndProject
Project("{9A19103F-16F7-4668-BE54-9A1E7A4F7556}") = "chapter06.exercise", "chapter06.exercise\chapter06.exercise.csproj", "{7EB771F1-2BE2-4285-9286-6C3E60BC8077}"
EndProject
Project("{9A19103F-16F7-4668-BE54-9A1E7A4F7556}") = "ccml.raytracer.ui.monogame", "ccml.raytracer.ui.monogame\ccml.raytracer.ui.monogame.csproj", "{6CC76969-DF66-4BCA-9F09-325FDEBC1BDE}"
EndProject
Project("{9A19103F-16F7-4668-BE54-9A1E7A4F7556}") = "ccml.raytracer.ui", "ccml.raytracer.ui\ccml.raytracer.ui.csproj", "{8AD3BC75-0503-49FD-A02C-CB9506C1433E}"
EndProject
Project("{9A19103F-16F7-4668-BE54-9A1E7A4F7556}") = "chapter06.exercise.monogame", "chapter06.exercise.monogame\chapter06.exercise.monogame.csproj", "{348F8CA5-7C10-4012-B140-BE5A8725F9EC}"
EndProject
Project("{9A19103F-16F7-4668-BE54-9A1E7A4F7556}") = "chapter07.exercise.monogame", "chapter07.exercise.monogame\chapter07.exercise.monogame.csproj", "{EF5DFFE1-41B0-43AA-A897-A075A7AC6297}"
EndProject
Project("{9A19103F-16F7-4668-BE54-9A1E7A4F7556}") = "chapter08.exercise.monogame", "chapter08.exercise.monogame\chapter08.exercise.monogame.csproj", "{6A8D9BBF-4C7B-4D53-8CC2-C963B3A59C18}"
EndProject
Project("{9A19103F-16F7-4668-BE54-9A1E7A4F7556}") = "chapter09.exercise.monogame", "chapter09.exercise.monogame\chapter09.exercise.monogame.csproj", "{D35BACC2-02DD-472F-9D00-3A64F749486B}"
EndProject
Project("{9A19103F-16F7-4668-BE54-9A1E7A4F7556}") = "chapter10.exercise.monogame", "chapter10.exercise.monogame\chapter10.exercise.monogame.csproj", "{FE884820-6E79-4BAD-A770-25178CD50606}"
EndProject
Project("{9A19103F-16F7-4668-BE54-9A1E7A4F7556}") = "chapter11.exercise.monogame", "chapter11.exercise.monogame\chapter11.exercise.monogame.csproj", "{ED57375F-A4B9-4DA9-9433-20648163CEC3}"
EndProject
Project("{9A19103F-16F7-4668-BE54-9A1E7A4F7556}") = "chapter11b.exercise.monogame", "chapter11b.exercise.monogame\chapter11b.exercise.monogame.csproj", "{096F2A53-A3A9-468F-AF3A-0A1B7A2290BD}"
EndProject
Project("{9A19103F-16F7-4668-BE54-9A1E7A4F7556}") = "chapter12.exercise.monogame", "chapter12.exercise.monogame\chapter12.exercise.monogame.csproj", "{959F376B-E254-42DE-8D84-73E85011B8B9}"
EndProject
Project("{FAE04EC0-301F-11D3-BF4B-00C04F79EFBC}") = "chapter13a.exercise.monogame", "chapter13a.exercise.monogame\chapter13a.exercise.monogame.csproj", "{0769A5F5-5104-42F0-AC80-94BF4F2BF75E}"
EndProject
Global
	GlobalSection(SolutionConfigurationPlatforms) = preSolution
		Debug|Any CPU = Debug|Any CPU
		Release|Any CPU = Release|Any CPU
	EndGlobalSection
	GlobalSection(ProjectConfigurationPlatforms) = postSolution
		{2B273135-8B44-4762-9115-BEAF3E7C302E}.Debug|Any CPU.ActiveCfg = Debug|Any CPU
		{2B273135-8B44-4762-9115-BEAF3E7C302E}.Debug|Any CPU.Build.0 = Debug|Any CPU
		{2B273135-8B44-4762-9115-BEAF3E7C302E}.Release|Any CPU.ActiveCfg = Release|Any CPU
		{2B273135-8B44-4762-9115-BEAF3E7C302E}.Release|Any CPU.Build.0 = Release|Any CPU
		{DC084F5F-2D85-435D-9BE5-5D19033EB50A}.Debug|Any CPU.ActiveCfg = Debug|Any CPU
		{DC084F5F-2D85-435D-9BE5-5D19033EB50A}.Debug|Any CPU.Build.0 = Debug|Any CPU
		{DC084F5F-2D85-435D-9BE5-5D19033EB50A}.Release|Any CPU.ActiveCfg = Release|Any CPU
		{DC084F5F-2D85-435D-9BE5-5D19033EB50A}.Release|Any CPU.Build.0 = Release|Any CPU
		{2D040810-4AE4-4623-B4D7-2B7B849375B5}.Debug|Any CPU.ActiveCfg = Debug|Any CPU
		{2D040810-4AE4-4623-B4D7-2B7B849375B5}.Debug|Any CPU.Build.0 = Debug|Any CPU
		{2D040810-4AE4-4623-B4D7-2B7B849375B5}.Release|Any CPU.ActiveCfg = Release|Any CPU
		{2D040810-4AE4-4623-B4D7-2B7B849375B5}.Release|Any CPU.Build.0 = Release|Any CPU
		{803770F7-6D7F-4784-90B6-0A4EB04EB633}.Debug|Any CPU.ActiveCfg = Debug|Any CPU
		{803770F7-6D7F-4784-90B6-0A4EB04EB633}.Debug|Any CPU.Build.0 = Debug|Any CPU
		{803770F7-6D7F-4784-90B6-0A4EB04EB633}.Release|Any CPU.ActiveCfg = Release|Any CPU
		{803770F7-6D7F-4784-90B6-0A4EB04EB633}.Release|Any CPU.Build.0 = Release|Any CPU
		{F727A118-219E-414D-81D3-14B9C2EF53CF}.Debug|Any CPU.ActiveCfg = Debug|Any CPU
		{F727A118-219E-414D-81D3-14B9C2EF53CF}.Debug|Any CPU.Build.0 = Debug|Any CPU
		{F727A118-219E-414D-81D3-14B9C2EF53CF}.Release|Any CPU.ActiveCfg = Release|Any CPU
		{F727A118-219E-414D-81D3-14B9C2EF53CF}.Release|Any CPU.Build.0 = Release|Any CPU
		{3B581888-0729-4847-AC72-77EA580C7035}.Debug|Any CPU.ActiveCfg = Debug|Any CPU
		{3B581888-0729-4847-AC72-77EA580C7035}.Debug|Any CPU.Build.0 = Debug|Any CPU
		{3B581888-0729-4847-AC72-77EA580C7035}.Release|Any CPU.ActiveCfg = Release|Any CPU
		{3B581888-0729-4847-AC72-77EA580C7035}.Release|Any CPU.Build.0 = Release|Any CPU
		{7EB771F1-2BE2-4285-9286-6C3E60BC8077}.Debug|Any CPU.ActiveCfg = Debug|Any CPU
		{7EB771F1-2BE2-4285-9286-6C3E60BC8077}.Debug|Any CPU.Build.0 = Debug|Any CPU
		{7EB771F1-2BE2-4285-9286-6C3E60BC8077}.Release|Any CPU.ActiveCfg = Release|Any CPU
		{7EB771F1-2BE2-4285-9286-6C3E60BC8077}.Release|Any CPU.Build.0 = Release|Any CPU
		{6CC76969-DF66-4BCA-9F09-325FDEBC1BDE}.Debug|Any CPU.ActiveCfg = Debug|Any CPU
		{6CC76969-DF66-4BCA-9F09-325FDEBC1BDE}.Debug|Any CPU.Build.0 = Debug|Any CPU
		{6CC76969-DF66-4BCA-9F09-325FDEBC1BDE}.Release|Any CPU.ActiveCfg = Release|Any CPU
		{6CC76969-DF66-4BCA-9F09-325FDEBC1BDE}.Release|Any CPU.Build.0 = Release|Any CPU
		{8AD3BC75-0503-49FD-A02C-CB9506C1433E}.Debug|Any CPU.ActiveCfg = Debug|Any CPU
		{8AD3BC75-0503-49FD-A02C-CB9506C1433E}.Debug|Any CPU.Build.0 = Debug|Any CPU
		{8AD3BC75-0503-49FD-A02C-CB9506C1433E}.Release|Any CPU.ActiveCfg = Release|Any CPU
		{8AD3BC75-0503-49FD-A02C-CB9506C1433E}.Release|Any CPU.Build.0 = Release|Any CPU
		{348F8CA5-7C10-4012-B140-BE5A8725F9EC}.Debug|Any CPU.ActiveCfg = Debug|Any CPU
		{348F8CA5-7C10-4012-B140-BE5A8725F9EC}.Debug|Any CPU.Build.0 = Debug|Any CPU
		{348F8CA5-7C10-4012-B140-BE5A8725F9EC}.Release|Any CPU.ActiveCfg = Release|Any CPU
		{348F8CA5-7C10-4012-B140-BE5A8725F9EC}.Release|Any CPU.Build.0 = Release|Any CPU
		{EF5DFFE1-41B0-43AA-A897-A075A7AC6297}.Debug|Any CPU.ActiveCfg = Debug|Any CPU
		{EF5DFFE1-41B0-43AA-A897-A075A7AC6297}.Debug|Any CPU.Build.0 = Debug|Any CPU
		{EF5DFFE1-41B0-43AA-A897-A075A7AC6297}.Release|Any CPU.ActiveCfg = Release|Any CPU
		{EF5DFFE1-41B0-43AA-A897-A075A7AC6297}.Release|Any CPU.Build.0 = Release|Any CPU
		{6A8D9BBF-4C7B-4D53-8CC2-C963B3A59C18}.Debug|Any CPU.ActiveCfg = Debug|Any CPU
		{6A8D9BBF-4C7B-4D53-8CC2-C963B3A59C18}.Debug|Any CPU.Build.0 = Debug|Any CPU
		{6A8D9BBF-4C7B-4D53-8CC2-C963B3A59C18}.Release|Any CPU.ActiveCfg = Release|Any CPU
		{6A8D9BBF-4C7B-4D53-8CC2-C963B3A59C18}.Release|Any CPU.Build.0 = Release|Any CPU
		{D35BACC2-02DD-472F-9D00-3A64F749486B}.Debug|Any CPU.ActiveCfg = Debug|Any CPU
		{D35BACC2-02DD-472F-9D00-3A64F749486B}.Debug|Any CPU.Build.0 = Debug|Any CPU
		{D35BACC2-02DD-472F-9D00-3A64F749486B}.Release|Any CPU.ActiveCfg = Release|Any CPU
		{D35BACC2-02DD-472F-9D00-3A64F749486B}.Release|Any CPU.Build.0 = Release|Any CPU
		{FE884820-6E79-4BAD-A770-25178CD50606}.Debug|Any CPU.ActiveCfg = Debug|Any CPU
		{FE884820-6E79-4BAD-A770-25178CD50606}.Debug|Any CPU.Build.0 = Debug|Any CPU
		{FE884820-6E79-4BAD-A770-25178CD50606}.Release|Any CPU.ActiveCfg = Release|Any CPU
		{FE884820-6E79-4BAD-A770-25178CD50606}.Release|Any CPU.Build.0 = Release|Any CPU
		{ED57375F-A4B9-4DA9-9433-20648163CEC3}.Debug|Any CPU.ActiveCfg = Debug|Any CPU
		{ED57375F-A4B9-4DA9-9433-20648163CEC3}.Debug|Any CPU.Build.0 = Debug|Any CPU
		{ED57375F-A4B9-4DA9-9433-20648163CEC3}.Release|Any CPU.ActiveCfg = Release|Any CPU
		{ED57375F-A4B9-4DA9-9433-20648163CEC3}.Release|Any CPU.Build.0 = Release|Any CPU
		{096F2A53-A3A9-468F-AF3A-0A1B7A2290BD}.Debug|Any CPU.ActiveCfg = Debug|Any CPU
		{096F2A53-A3A9-468F-AF3A-0A1B7A2290BD}.Debug|Any CPU.Build.0 = Debug|Any CPU
		{096F2A53-A3A9-468F-AF3A-0A1B7A2290BD}.Release|Any CPU.ActiveCfg = Release|Any CPU
		{096F2A53-A3A9-468F-AF3A-0A1B7A2290BD}.Release|Any CPU.Build.0 = Release|Any CPU
		{959F376B-E254-42DE-8D84-73E85011B8B9}.Debug|Any CPU.ActiveCfg = Debug|Any CPU
		{959F376B-E254-42DE-8D84-73E85011B8B9}.Debug|Any CPU.Build.0 = Debug|Any CPU
		{959F376B-E254-42DE-8D84-73E85011B8B9}.Release|Any CPU.ActiveCfg = Release|Any CPU
		{959F376B-E254-42DE-8D84-73E85011B8B9}.Release|Any CPU.Build.0 = Release|Any CPU
		{0769A5F5-5104-42F0-AC80-94BF4F2BF75E}.Debug|Any CPU.ActiveCfg = Debug|Any CPU
		{0769A5F5-5104-42F0-AC80-94BF4F2BF75E}.Debug|Any CPU.Build.0 = Debug|Any CPU
		{0769A5F5-5104-42F0-AC80-94BF4F2BF75E}.Release|Any CPU.ActiveCfg = Release|Any CPU
		{0769A5F5-5104-42F0-AC80-94BF4F2BF75E}.Release|Any CPU.Build.0 = Release|Any CPU
	EndGlobalSection
	GlobalSection(SolutionProperties) = preSolution
		HideSolutionNode = FALSE
	EndGlobalSection
	GlobalSection(ExtensibilityGlobals) = postSolution
		SolutionGuid = {DB3AFA66-51CA-454C-8414-010DAC4A5F0C}
	EndGlobalSection
EndGlobal
